
Microsoft Visual Studio Solution File, Format Version 12.00
# Visual Studio Version 16
VisualStudioVersion = 16.0.30114.105
MinimumVisualStudioVersion = 10.0.40219.1
Project("{2150E333-8FDC-42A3-9474-1A3956D46DE8}") = "Src", "Src", "{5907D862-83C7-49FF-874F-31CF9B9BDB3A}"
EndProject
Project("{FAE04EC0-301F-11D3-BF4B-00C04F79EFBC}") = "GenerateBarcodeWithTextBelow.Web", "Src\GenerateBarcodeWithTextBelow.Web\GenerateBarcodeWithTextBelow.Web.csproj", "{A0C9C513-FE30-4462-B5B3-4C4A04E7DBE1}"
EndProject
Global
	GlobalSection(SolutionConfigurationPlatforms) = preSolution
		Debug|Any CPU = Debug|Any CPU
		Release|Any CPU = Release|Any CPU
	EndGlobalSection
	GlobalSection(SolutionProperties) = preSolution
		HideSolutionNode = FALSE
	EndGlobalSection
	GlobalSection(ProjectConfigurationPlatforms) = postSolution
		{A0C9C513-FE30-4462-B5B3-4C4A04E7DBE1}.Debug|Any CPU.ActiveCfg = Debug|Any CPU
		{A0C9C513-FE30-4462-B5B3-4C4A04E7DBE1}.Debug|Any CPU.Build.0 = Debug|Any CPU
		{A0C9C513-FE30-4462-B5B3-4C4A04E7DBE1}.Release|Any CPU.ActiveCfg = Release|Any CPU
		{A0C9C513-FE30-4462-B5B3-4C4A04E7DBE1}.Release|Any CPU.Build.0 = Release|Any CPU
	EndGlobalSection
	GlobalSection(NestedProjects) = preSolution
		{A0C9C513-FE30-4462-B5B3-4C4A04E7DBE1} = {5907D862-83C7-49FF-874F-31CF9B9BDB3A}
	EndGlobalSection
EndGlobal
